
Microsoft Visual Studio Solution File, Format Version 12.00
# Visual Studio Version 17
VisualStudioVersion = 17.11.35327.3
MinimumVisualStudioVersion = 10.0.40219.1
Project("{8BC9CEB8-8B4A-11D0-8D11-00A0C91BC942}") = "lab8", "lab8.vcxproj", "{020EA8B3-FD4A-4DB0-B2D1-26E4F74619A0}"
EndProject
Global
	GlobalSection(SolutionConfigurationPlatforms) = preSolution
		Debug|x64 = Debug|x64
		Debug|x86 = Debug|x86
		Release|x64 = Release|x64
		Release|x86 = Release|x86
	EndGlobalSection
	GlobalSection(ProjectConfigurationPlatforms) = postSolution
		{020EA8B3-FD4A-4DB0-B2D1-26E4F74619A0}.Debug|x64.ActiveCfg = Debug|x64
		{020EA8B3-FD4A-4DB0-B2D1-26E4F74619A0}.Debug|x64.Build.0 = Debug|x64
		{020EA8B3-FD4A-4DB0-B2D1-26E4F74619A0}.Debug|x86.ActiveCfg = Debug|Win32
		{020EA8B3-FD4A-4DB0-B2D1-26E4F74619A0}.Debug|x86.Build.0 = Debug|Win32
		{020EA8B3-FD4A-4DB0-B2D1-26E4F74619A0}.Release|x64.ActiveCfg = Release|x64
		{020EA8B3-FD4A-4DB0-B2D1-26E4F74619A0}.Release|x64.Build.0 = Release|x64
		{020EA8B3-FD4A-4DB0-B2D1-26E4F74619A0}.Release|x86.ActiveCfg = Release|Win32
		{020EA8B3-FD4A-4DB0-B2D1-26E4F74619A0}.Release|x86.Build.0 = Release|Win32
	EndGlobalSection
	GlobalSection(SolutionProperties) = preSolution
		HideSolutionNode = FALSE
	EndGlobalSection
	GlobalSection(ExtensibilityGlobals) = postSolution
		SolutionGuid = {4A30D4A3-719E-4E33-B3DF-006800E595AC}
	EndGlobalSection
EndGlobal
